
Microsoft Visual Studio Solution File, Format Version 12.00
# Visual Studio Version 16
VisualStudioVersion = 16.0.32510.428
MinimumVisualStudioVersion = 10.0.40219.1
Project("{FAE04EC0-301F-11D3-BF4B-00C04F79EFBC}") = "ForceFinder.Logic", "ForceFinder\ForceFinder.Logic.csproj", "{75385D96-4621-4145-8819-55C999DD4A01}"
EndProject
Project("{FAE04EC0-301F-11D3-BF4B-00C04F79EFBC}") = "ForceFinder.Model", "ForceFinder.Model\ForceFinder.Model.csproj", "{BA89762D-29E8-44BD-A612-682583E290A3}"
EndProject
Project("{FAE04EC0-301F-11D3-BF4B-00C04F79EFBC}") = "ForceFinder.API", "ForceFinder.API\ForceFinder.API.csproj", "{64947DF4-BE54-463C-AECC-B18F146E2100}"
EndProject
Global
	GlobalSection(SolutionConfigurationPlatforms) = preSolution
		Debug|Any CPU = Debug|Any CPU
		Release|Any CPU = Release|Any CPU
	EndGlobalSection
	GlobalSection(ProjectConfigurationPlatforms) = postSolution
		{75385D96-4621-4145-8819-55C999DD4A01}.Debug|Any CPU.ActiveCfg = Debug|Any CPU
		{75385D96-4621-4145-8819-55C999DD4A01}.Debug|Any CPU.Build.0 = Debug|Any CPU
		{75385D96-4621-4145-8819-55C999DD4A01}.Release|Any CPU.ActiveCfg = Release|Any CPU
		{75385D96-4621-4145-8819-55C999DD4A01}.Release|Any CPU.Build.0 = Release|Any CPU
		{BA89762D-29E8-44BD-A612-682583E290A3}.Debug|Any CPU.ActiveCfg = Debug|Any CPU
		{BA89762D-29E8-44BD-A612-682583E290A3}.Debug|Any CPU.Build.0 = Debug|Any CPU
		{BA89762D-29E8-44BD-A612-682583E290A3}.Release|Any CPU.ActiveCfg = Release|Any CPU
		{BA89762D-29E8-44BD-A612-682583E290A3}.Release|Any CPU.Build.0 = Release|Any CPU
		{64947DF4-BE54-463C-AECC-B18F146E2100}.Debug|Any CPU.ActiveCfg = Debug|Any CPU
		{64947DF4-BE54-463C-AECC-B18F146E2100}.Debug|Any CPU.Build.0 = Debug|Any CPU
		{64947DF4-BE54-463C-AECC-B18F146E2100}.Release|Any CPU.ActiveCfg = Release|Any CPU
		{64947DF4-BE54-463C-AECC-B18F146E2100}.Release|Any CPU.Build.0 = Release|Any CPU
	EndGlobalSection
	GlobalSection(SolutionProperties) = preSolution
		HideSolutionNode = FALSE
	EndGlobalSection
	GlobalSection(ExtensibilityGlobals) = postSolution
		SolutionGuid = {652D3296-4E5D-4F40-8DCA-90A2A29EAF66}
	EndGlobalSection
EndGlobal
